# This file is autogenerated, do not edit; changes may be undone by the next 'dep ensure'.


[[projects]]
  digest = "1:9f3b30d9f8e0d7040f729b82dcbc8f0dead820a133b3147ce355fc451f32d761"
  name = "github.com/BurntSushi/toml"
  packages = ["."]
  pruneopts = "UT"
  revision = "3012a1dbe2e4bd1391d42b32f0577cb7bbc7f005"
  version = "v0.3.1"

[[projects]]
  branch = "master"
  digest = "1:aff61b46ef326e4a211e69245a0ca03dee77f850b6221d3fd0f5bc9208591734"
  name = "github.com/google/logger"
  packages = ["."]
  pruneopts = "UT"
  revision = "324a7c096a0d1041e2766b42187908af70e4f723"

[[projects]]
  branch = "master"
  digest = "1:74100f53ce50ed041f74b3b5d9f511f1e5155260b37ae384c32d9e21e9ad277f"
  name = "github.com/ksaylor11/go-apache-log-parser"
  packages = ["."]
  pruneopts = "UT"
  revision = "b6559c0715accef7006c0f6555f1b834d3dbce22"

[[projects]]
  branch = "master"
  digest = "1:0709bc182dee5d5aaa2e7c3faaed3458187f4ace5cb1e24b2b76d43a712e22c3"
  name = "golang.org/x/sys"
  packages = [
    "windows",
    "windows/registry",
    "windows/svc/eventlog",
  ]
  pruneopts = "UT"
  revision = "9a3f9b0469bbc6b8802087ae5c0af9f61502de01"

[solve-meta]
  analyzer-name = "dep"
  analyzer-version = 1
  input-imports = [
    "github.com/BurntSushi/toml",
    "github.com/google/logger",
    "github.com/ksaylor11/go-apache-log-parser",
  ]
  solver-name = "gps-cdcl"
  solver-version = 1
